{
  "name": "ssd1306",
  "version": "1.0.1",
  "lockfileVersion": 2,
  "requires": true,
  "packages": {
    "": {
      "name": "ssd1306",
      "version": "1.0.1",
      "dependencies": {
        "simple-fonts": "git+https://github.com/niklauslee/simple-fonts.git"
      }
    },
    "node_modules/simple-fonts": {
      "version": "1.0.0",
      "resolved": "git+ssh://git@github.com/niklauslee/simple-fonts.git#3468836d918214eeadfe783e13c084a339a05fd3",
      "integrity": "sha512-DoAC8GLb61dDu1w0stBqMTqOgZEfKTMKn4TZgnh9wWHyOjB7+PlAKG1Mhh+ts2Gj88p+Vc3VTTFCU0eh5s1wgA=="
    }
  },
  "dependencies": {
    "simple-fonts": {
      "version": "git+ssh://git@github.com/niklauslee/simple-fonts.git#3468836d918214eeadfe783e13c084a339a05fd3",
      "from": "simple-fonts@git+https://github.com/niklauslee/simple-fonts.git"
    }
  }
}
